
Microsoft Visual Studio Solution File, Format Version 12.00
# Visual Studio Version 17
VisualStudioVersion = 17.7.34003.232
MinimumVisualStudioVersion = 10.0.40219.1
Project("{FAE04EC0-301F-11D3-BF4B-00C04F79EFBC}") = "LottoRandomNumberGenerator", "LottoRandomNumberGenerator\LottoRandomNumberGenerator.csproj", "{C94224ED-D797-4661-9DF7-76BB3F21E08F}"
EndProject
Project("{9A19103F-16F7-4668-BE54-9A1E7A4F7556}") = "LottonRandomNumberGeneratorV2", "LottonRandomNumberGeneratorV2\LottonRandomNumberGeneratorV2.csproj", "{0A407A03-EF9D-46C6-BB8D-C18A05DEBF23}"
EndProject
Project("{2150E333-8FDC-42A3-9474-1A3956D46DE8}") = "NewFolder1", "NewFolder1", "{86AE251C-FDDD-47B0-BBB1-318F22E72317}"
EndProject
Project("{9A19103F-16F7-4668-BE54-9A1E7A4F7556}") = "Tests", "Tests\Tests.csproj", "{5E066C37-B4E0-492A-BEAF-FE29736FDBE1}"
EndProject
Project("{FAE04EC0-301F-11D3-BF4B-00C04F79EFBC}") = "RetroConsoleLook", "RetroConsoleLook\RetroConsoleLook.csproj", "{FD52B734-A457-4845-854B-6DEC1E762A0B}"
EndProject
Project("{FAE04EC0-301F-11D3-BF4B-00C04F79EFBC}") = "LottoCore", "LottoCore\LottoCore.csproj", "{A2563230-5ED6-4DB6-903A-943F7AD2205B}"
EndProject
Project("{FAE04EC0-301F-11D3-BF4B-00C04F79EFBC}") = "DriverCore", "DriverCore\DriverCore.csproj", "{7B5F688D-CF42-474C-9AC7-1D4BC4CA9281}"
EndProject
Project("{FAE04EC0-301F-11D3-BF4B-00C04F79EFBC}") = "Models", "Models\Models.csproj", "{43CCBE4A-E2C0-4F3E-9142-E604872619D6}"
EndProject
Global
	GlobalSection(SolutionConfigurationPlatforms) = preSolution
		Debug|Any CPU = Debug|Any CPU
		Release|Any CPU = Release|Any CPU
	EndGlobalSection
	GlobalSection(ProjectConfigurationPlatforms) = postSolution
		{C94224ED-D797-4661-9DF7-76BB3F21E08F}.Debug|Any CPU.ActiveCfg = Debug|Any CPU
		{C94224ED-D797-4661-9DF7-76BB3F21E08F}.Debug|Any CPU.Build.0 = Debug|Any CPU
		{C94224ED-D797-4661-9DF7-76BB3F21E08F}.Release|Any CPU.ActiveCfg = Release|Any CPU
		{C94224ED-D797-4661-9DF7-76BB3F21E08F}.Release|Any CPU.Build.0 = Release|Any CPU
		{0A407A03-EF9D-46C6-BB8D-C18A05DEBF23}.Debug|Any CPU.ActiveCfg = Debug|Any CPU
		{0A407A03-EF9D-46C6-BB8D-C18A05DEBF23}.Debug|Any CPU.Build.0 = Debug|Any CPU
		{0A407A03-EF9D-46C6-BB8D-C18A05DEBF23}.Release|Any CPU.ActiveCfg = Release|Any CPU
		{0A407A03-EF9D-46C6-BB8D-C18A05DEBF23}.Release|Any CPU.Build.0 = Release|Any CPU
		{5E066C37-B4E0-492A-BEAF-FE29736FDBE1}.Debug|Any CPU.ActiveCfg = Debug|Any CPU
		{5E066C37-B4E0-492A-BEAF-FE29736FDBE1}.Debug|Any CPU.Build.0 = Debug|Any CPU
		{5E066C37-B4E0-492A-BEAF-FE29736FDBE1}.Release|Any CPU.ActiveCfg = Release|Any CPU
		{5E066C37-B4E0-492A-BEAF-FE29736FDBE1}.Release|Any CPU.Build.0 = Release|Any CPU
		{FD52B734-A457-4845-854B-6DEC1E762A0B}.Debug|Any CPU.ActiveCfg = Debug|Any CPU
		{FD52B734-A457-4845-854B-6DEC1E762A0B}.Debug|Any CPU.Build.0 = Debug|Any CPU
		{FD52B734-A457-4845-854B-6DEC1E762A0B}.Release|Any CPU.ActiveCfg = Release|Any CPU
		{FD52B734-A457-4845-854B-6DEC1E762A0B}.Release|Any CPU.Build.0 = Release|Any CPU
		{A2563230-5ED6-4DB6-903A-943F7AD2205B}.Debug|Any CPU.ActiveCfg = Debug|Any CPU
		{A2563230-5ED6-4DB6-903A-943F7AD2205B}.Debug|Any CPU.Build.0 = Debug|Any CPU
		{A2563230-5ED6-4DB6-903A-943F7AD2205B}.Release|Any CPU.ActiveCfg = Release|Any CPU
		{A2563230-5ED6-4DB6-903A-943F7AD2205B}.Release|Any CPU.Build.0 = Release|Any CPU
		{7B5F688D-CF42-474C-9AC7-1D4BC4CA9281}.Debug|Any CPU.ActiveCfg = Debug|Any CPU
		{7B5F688D-CF42-474C-9AC7-1D4BC4CA9281}.Debug|Any CPU.Build.0 = Debug|Any CPU
		{7B5F688D-CF42-474C-9AC7-1D4BC4CA9281}.Release|Any CPU.ActiveCfg = Release|Any CPU
		{7B5F688D-CF42-474C-9AC7-1D4BC4CA9281}.Release|Any CPU.Build.0 = Release|Any CPU
		{43CCBE4A-E2C0-4F3E-9142-E604872619D6}.Debug|Any CPU.ActiveCfg = Debug|Any CPU
		{43CCBE4A-E2C0-4F3E-9142-E604872619D6}.Debug|Any CPU.Build.0 = Debug|Any CPU
		{43CCBE4A-E2C0-4F3E-9142-E604872619D6}.Release|Any CPU.ActiveCfg = Release|Any CPU
		{43CCBE4A-E2C0-4F3E-9142-E604872619D6}.Release|Any CPU.Build.0 = Release|Any CPU
	EndGlobalSection
	GlobalSection(SolutionProperties) = preSolution
		HideSolutionNode = FALSE
	EndGlobalSection
	GlobalSection(NestedProjects) = preSolution
		{5E066C37-B4E0-492A-BEAF-FE29736FDBE1} = {86AE251C-FDDD-47B0-BBB1-318F22E72317}
	EndGlobalSection
	GlobalSection(ExtensibilityGlobals) = postSolution
		SolutionGuid = {E4B9B656-E71C-4F3B-A0F6-242EAAA26AD9}
	EndGlobalSection
EndGlobal
